{
  "pins" : [
    {
      "identity" : "facebook-ios-sdk",
      "kind" : "remoteSourceControl",
      "location" : "https://github.com/facebook/facebook-ios-sdk",
      "state" : {
        "revision" : "7fd8a930a5b2c940a22efafe0e214ed0df671312",
        "version" : "15.1.0"
      }
    },
    {
      "identity" : "keychainaccess",
      "kind" : "remoteSourceControl",
      "location" : "https://github.com/kishikawakatsumi/KeychainAccess",
      "state" : {
        "branch" : "master",
        "revision" : "6299daec1d74be12164fec090faf9ed14d0da9d6"
      }
    }
  ],
  "version" : 2
}
