// !$*UTF8*$!
{
	archiveVersion = 1;
	classes = {
	};
	objectVersion = 56;
	objects = {

/* Begin PBXBuildFile section */
		220AC5C12938EFB80018DFBA /* ImageExtensions.swift in Sources */ = {isa = PBXBuildFile; fileRef = 22A57CBC29325B260094C361 /* ImageExtensions.swift */; };
		220AC5C22938EFC80018DFBA /* ProfileImageView.swift in Sources */ = {isa = PBXBuildFile; fileRef = 22A57CB6293258400094C361 /* ProfileImageView.swift */; };
		220AC5C32938EFCC0018DFBA /* FacebookAccountsResponce.swift in Sources */ = {isa = PBXBuildFile; fileRef = 222F98FC2937A02800984B12 /* FacebookAccountsResponce.swift */; };
		222F99012937EC8600984B12 /* ImageLoader.swift in Sources */ = {isa = PBXBuildFile; fileRef = 222F99002937EC8600984B12 /* ImageLoader.swift */; };
		224F79CA293A5DB500194E67 /* WidgetKit.framework in Frameworks */ = {isa = PBXBuildFile; fileRef = 22A57C9629323C6A0094C361 /* WidgetKit.framework */; };
		224F79CB293A5DB500194E67 /* SwiftUI.framework in Frameworks */ = {isa = PBXBuildFile; fileRef = 22A57C9829323C6B0094C361 /* SwiftUI.framework */; };
		224F79CE293A5DB500194E67 /* GramFlwrsWidget.swift in Sources */ = {isa = PBXBuildFile; fileRef = 224F79CD293A5DB500194E67 /* GramFlwrsWidget.swift */; };
		224F79D1293A5DB600194E67 /* Assets.xcassets in Resources */ = {isa = PBXBuildFile; fileRef = 224F79D0293A5DB600194E67 /* Assets.xcassets */; };
		224F79D3293A5DB600194E67 /* GramFlwrsWidget.intentdefinition in Sources */ = {isa = PBXBuildFile; fileRef = 224F79CF293A5DB500194E67 /* GramFlwrsWidget.intentdefinition */; };
		224F79D4293A5DB600194E67 /* GramFlwrsWidget.intentdefinition in Sources */ = {isa = PBXBuildFile; fileRef = 224F79CF293A5DB500194E67 /* GramFlwrsWidget.intentdefinition */; };
		224F79D7293A5DB600194E67 /* GramFlwrsWidgetExtension.appex in Embed Foundation Extensions */ = {isa = PBXBuildFile; fileRef = 224F79C9293A5DB500194E67 /* GramFlwrsWidgetExtension.appex */; settings = {ATTRIBUTES = (RemoveHeadersOnCopy, ); }; };
		224F79DC293A5DD900194E67 /* Assets.xcassets in Resources */ = {isa = PBXBuildFile; fileRef = 22A57C6529323C370094C361 /* Assets.xcassets */; };
		224F79F3293A63B400194E67 /* ViewModel.swift in Sources */ = {isa = PBXBuildFile; fileRef = 229033EE293A3BB1007A86FD /* ViewModel.swift */; };
		224F79F4293A63B600194E67 /* AuthorizationAPI.swift in Sources */ = {isa = PBXBuildFile; fileRef = 222F98FE2937D05400984B12 /* AuthorizationAPI.swift */; };
		224F79F5293A63B800194E67 /* FacebookAPI.swift in Sources */ = {isa = PBXBuildFile; fileRef = 226B43B42933E899009EBCE1 /* FacebookAPI.swift */; };
		224F79F6293A63BA00194E67 /* CoreDataStack.swift in Sources */ = {isa = PBXBuildFile; fileRef = 22F91A092934113F00D95B9D /* CoreDataStack.swift */; };
		224F7A20293A6B3000194E67 /* CoreDataStack.swift in Sources */ = {isa = PBXBuildFile; fileRef = 22F91A092934113F00D95B9D /* CoreDataStack.swift */; };
		224F7A32293A9A4C00194E67 /* FacebookAEM in Frameworks */ = {isa = PBXBuildFile; productRef = 224F7A31293A9A4C00194E67 /* FacebookAEM */; };
		224F7A34293A9A4C00194E67 /* FacebookBasics in Frameworks */ = {isa = PBXBuildFile; productRef = 224F7A33293A9A4C00194E67 /* FacebookBasics */; };
		224F7A36293A9A4C00194E67 /* FacebookCore in Frameworks */ = {isa = PBXBuildFile; productRef = 224F7A35293A9A4C00194E67 /* FacebookCore */; };
		224F7A38293A9A4C00194E67 /* FacebookLogin in Frameworks */ = {isa = PBXBuildFile; productRef = 224F7A37293A9A4C00194E67 /* FacebookLogin */; };
		224F7A3A293A9A4C00194E67 /* FacebookShare in Frameworks */ = {isa = PBXBuildFile; productRef = 224F7A39293A9A4C00194E67 /* FacebookShare */; };
		2262A6B3295BB59900F706C8 /* PeriodPopOver.swift in Sources */ = {isa = PBXBuildFile; fileRef = 2262A6B2295BB59900F706C8 /* PeriodPopOver.swift */; };
		226B438B2933CFFD009EBCE1 /* SigninView.swift in Sources */ = {isa = PBXBuildFile; fileRef = 226B438A2933CFFD009EBCE1 /* SigninView.swift */; };
		226B438D2933D026009EBCE1 /* ProfileStatsView.swift in Sources */ = {isa = PBXBuildFile; fileRef = 226B438C2933D026009EBCE1 /* ProfileStatsView.swift */; };
		226B438F2933D131009EBCE1 /* AudioPlayer.swift in Sources */ = {isa = PBXBuildFile; fileRef = 226B438E2933D131009EBCE1 /* AudioPlayer.swift */; };
		226B43922933D24D009EBCE1 /* WidgetPreviewView.swift in Sources */ = {isa = PBXBuildFile; fileRef = 226B43912933D24D009EBCE1 /* WidgetPreviewView.swift */; };
		226B43A42933E511009EBCE1 /* AppDelegate.swift in Sources */ = {isa = PBXBuildFile; fileRef = 226B43A32933E511009EBCE1 /* AppDelegate.swift */; };
		226B43A72933E6B8009EBCE1 /* FacebookAEM in Frameworks */ = {isa = PBXBuildFile; productRef = 226B43A62933E6B8009EBCE1 /* FacebookAEM */; };
		226B43A92933E6B8009EBCE1 /* FacebookBasics in Frameworks */ = {isa = PBXBuildFile; productRef = 226B43A82933E6B8009EBCE1 /* FacebookBasics */; };
		226B43AB2933E6B8009EBCE1 /* FacebookCore in Frameworks */ = {isa = PBXBuildFile; productRef = 226B43AA2933E6B8009EBCE1 /* FacebookCore */; };
		226B43AD2933E6B8009EBCE1 /* FacebookLogin in Frameworks */ = {isa = PBXBuildFile; productRef = 226B43AC2933E6B8009EBCE1 /* FacebookLogin */; };
		226B43AF2933E6B8009EBCE1 /* FacebookShare in Frameworks */ = {isa = PBXBuildFile; productRef = 226B43AE2933E6B8009EBCE1 /* FacebookShare */; };
		226B43B22933E70A009EBCE1 /* chimeup.mp3 in Resources */ = {isa = PBXBuildFile; fileRef = 226B43B02933E70A009EBCE1 /* chimeup.mp3 */; };
		226B43B32933E70A009EBCE1 /* success.m4a in Resources */ = {isa = PBXBuildFile; fileRef = 226B43B12933E70A009EBCE1 /* success.m4a */; };
		2270DDC3293E3FAA009758C6 /* ViewModel.swift in Sources */ = {isa = PBXBuildFile; fileRef = 229033EE293A3BB1007A86FD /* ViewModel.swift */; };
		22A57C6229323C360094C361 /* GramFlwrsApp.swift in Sources */ = {isa = PBXBuildFile; fileRef = 22A57C6129323C360094C361 /* GramFlwrsApp.swift */; };
		22A57C6429323C360094C361 /* ContentView.swift in Sources */ = {isa = PBXBuildFile; fileRef = 22A57C6329323C360094C361 /* ContentView.swift */; };
		22A57C6629323C370094C361 /* Assets.xcassets in Resources */ = {isa = PBXBuildFile; fileRef = 22A57C6529323C370094C361 /* Assets.xcassets */; };
		22A57C6929323C370094C361 /* Preview Assets.xcassets in Resources */ = {isa = PBXBuildFile; fileRef = 22A57C6829323C370094C361 /* Preview Assets.xcassets */; };
		22A57C6E29323C370094C361 /* GramFlwrs.xcdatamodeld in Sources */ = {isa = PBXBuildFile; fileRef = 22A57C6C29323C370094C361 /* GramFlwrs.xcdatamodeld */; };
		22A57C7829323C370094C361 /* GramFlwrsTests.swift in Sources */ = {isa = PBXBuildFile; fileRef = 22A57C7729323C370094C361 /* GramFlwrsTests.swift */; };
		22A57C8229323C370094C361 /* GramFlwrsUITests.swift in Sources */ = {isa = PBXBuildFile; fileRef = 22A57C8129323C370094C361 /* GramFlwrsUITests.swift */; };
		22A57C8429323C370094C361 /* GramFlwrsUITestsLaunchTests.swift in Sources */ = {isa = PBXBuildFile; fileRef = 22A57C8329323C370094C361 /* GramFlwrsUITestsLaunchTests.swift */; };
		22B7BFC12C2C7AD5009FB0F8 /* View_extensions.swift in Sources */ = {isa = PBXBuildFile; fileRef = 22B7BFC02C2C7AD5009FB0F8 /* View_extensions.swift */; };
		22B7BFC22C2C7F4F009FB0F8 /* View_extensions.swift in Sources */ = {isa = PBXBuildFile; fileRef = 22B7BFC02C2C7AD5009FB0F8 /* View_extensions.swift */; };
		22B8DDC2294D2E34002ACA41 /* GramFlwrs.xcdatamodeld in Sources */ = {isa = PBXBuildFile; fileRef = 22A57C6C29323C370094C361 /* GramFlwrs.xcdatamodeld */; };
		22B8DDC3294D2E45002ACA41 /* AuthorizationAPI.swift in Sources */ = {isa = PBXBuildFile; fileRef = 222F98FE2937D05400984B12 /* AuthorizationAPI.swift */; };
		22B8DDC4294D2E47002ACA41 /* FacebookAPI.swift in Sources */ = {isa = PBXBuildFile; fileRef = 226B43B42933E899009EBCE1 /* FacebookAPI.swift */; };
		22B8DDC5294D2E4A002ACA41 /* FacebookAccountsResponce.swift in Sources */ = {isa = PBXBuildFile; fileRef = 222F98FC2937A02800984B12 /* FacebookAccountsResponce.swift */; };
		22BB0913293CF2950060E5C6 /* KeychainAccess in Frameworks */ = {isa = PBXBuildFile; productRef = 22BB0912293CF2950060E5C6 /* KeychainAccess */; };
		22BB0915293CF2B70060E5C6 /* KeychainAccess in Frameworks */ = {isa = PBXBuildFile; productRef = 22BB0914293CF2B70060E5C6 /* KeychainAccess */; };
		22C9E8B1293BA85300840FF3 /* TimelineEntry.swift in Sources */ = {isa = PBXBuildFile; fileRef = 22C9E8B0293BA85300840FF3 /* TimelineEntry.swift */; };
		22C9E8B2293BA85800840FF3 /* TimelineEntry.swift in Sources */ = {isa = PBXBuildFile; fileRef = 22C9E8B0293BA85300840FF3 /* TimelineEntry.swift */; };
		22F154C6295782A600CDA3A8 /* BarChartReusable.swift in Sources */ = {isa = PBXBuildFile; fileRef = 22F154C5295782A600CDA3A8 /* BarChartReusable.swift */; };
/* End PBXBuildFile section */

/* Begin PBXContainerItemProxy section */
		224F79D5293A5DB600194E67 /* PBXContainerItemProxy */ = {
			isa = PBXContainerItemProxy;
			containerPortal = 22A57C5629323C360094C361 /* Project object */;
			proxyType = 1;
			remoteGlobalIDString = 224F79C8293A5DB500194E67;
			remoteInfo = VimWidgetExtension;
		};
		22A57C7429323C370094C361 /* PBXContainerItemProxy */ = {
			isa = PBXContainerItemProxy;
			containerPortal = 22A57C5629323C360094C361 /* Project object */;
			proxyType = 1;
			remoteGlobalIDString = 22A57C5D29323C360094C361;
			remoteInfo = "VimPay Instagram Followers";
		};
		22A57C7E29323C370094C361 /* PBXContainerItemProxy */ = {
			isa = PBXContainerItemProxy;
			containerPortal = 22A57C5629323C360094C361 /* Project object */;
			proxyType = 1;
			remoteGlobalIDString = 22A57C5D29323C360094C361;
			remoteInfo = "VimPay Instagram Followers";
		};
/* End PBXContainerItemProxy section */

/* Begin PBXCopyFilesBuildPhase section */
		22A57CA929323C6C0094C361 /* Embed Foundation Extensions */ = {
			isa = PBXCopyFilesBuildPhase;
			buildActionMask = 2147483647;
			dstPath = "";
			dstSubfolderSpec = 13;
			files = (
				224F79D7293A5DB600194E67 /* GramFlwrsWidgetExtension.appex in Embed Foundation Extensions */,
			);
			name = "Embed Foundation Extensions";
			runOnlyForDeploymentPostprocessing = 0;
		};
/* End PBXCopyFilesBuildPhase section */

/* Begin PBXFileReference section */
		222F98FC2937A02800984B12 /* FacebookAccountsResponce.swift */ = {isa = PBXFileReference; lastKnownFileType = sourcecode.swift; path = FacebookAccountsResponce.swift; sourceTree = "<group>"; };
		222F98FE2937D05400984B12 /* AuthorizationAPI.swift */ = {isa = PBXFileReference; lastKnownFileType = sourcecode.swift; path = AuthorizationAPI.swift; sourceTree = "<group>"; };
		222F99002937EC8600984B12 /* ImageLoader.swift */ = {isa = PBXFileReference; fileEncoding = 4; lastKnownFileType = sourcecode.swift; path = ImageLoader.swift; sourceTree = "<group>"; };
		224F79C9293A5DB500194E67 /* GramFlwrsWidgetExtension.appex */ = {isa = PBXFileReference; explicitFileType = "wrapper.app-extension"; includeInIndex = 0; path = GramFlwrsWidgetExtension.appex; sourceTree = BUILT_PRODUCTS_DIR; };
		224F79CD293A5DB500194E67 /* GramFlwrsWidget.swift */ = {isa = PBXFileReference; lastKnownFileType = sourcecode.swift; path = GramFlwrsWidget.swift; sourceTree = "<group>"; };
		224F79CF293A5DB500194E67 /* GramFlwrsWidget.intentdefinition */ = {isa = PBXFileReference; lastKnownFileType = file.intentdefinition; path = GramFlwrsWidget.intentdefinition; sourceTree = "<group>"; };
		224F79D0293A5DB600194E67 /* Assets.xcassets */ = {isa = PBXFileReference; lastKnownFileType = folder.assetcatalog; path = Assets.xcassets; sourceTree = "<group>"; };
		224F79D2293A5DB600194E67 /* Info.plist */ = {isa = PBXFileReference; lastKnownFileType = text.plist.xml; path = Info.plist; sourceTree = "<group>"; };
		224F7A1D293A6A8200194E67 /* GramFlwrs.entitlements */ = {isa = PBXFileReference; lastKnownFileType = text.plist.entitlements; path = GramFlwrs.entitlements; sourceTree = "<group>"; };
		2262A6B2295BB59900F706C8 /* PeriodPopOver.swift */ = {isa = PBXFileReference; lastKnownFileType = sourcecode.swift; path = PeriodPopOver.swift; sourceTree = "<group>"; };
		226B438A2933CFFD009EBCE1 /* SigninView.swift */ = {isa = PBXFileReference; lastKnownFileType = sourcecode.swift; path = SigninView.swift; sourceTree = "<group>"; };
		226B438C2933D026009EBCE1 /* ProfileStatsView.swift */ = {isa = PBXFileReference; lastKnownFileType = sourcecode.swift; path = ProfileStatsView.swift; sourceTree = "<group>"; };
		226B438E2933D131009EBCE1 /* AudioPlayer.swift */ = {isa = PBXFileReference; lastKnownFileType = sourcecode.swift; path = AudioPlayer.swift; sourceTree = "<group>"; };
		226B43912933D24D009EBCE1 /* WidgetPreviewView.swift */ = {isa = PBXFileReference; lastKnownFileType = sourcecode.swift; path = WidgetPreviewView.swift; sourceTree = "<group>"; };
		226B43A32933E511009EBCE1 /* AppDelegate.swift */ = {isa = PBXFileReference; lastKnownFileType = sourcecode.swift; path = AppDelegate.swift; sourceTree = "<group>"; };
		226B43B02933E70A009EBCE1 /* chimeup.mp3 */ = {isa = PBXFileReference; lastKnownFileType = audio.mp3; path = chimeup.mp3; sourceTree = "<group>"; };
		226B43B12933E70A009EBCE1 /* success.m4a */ = {isa = PBXFileReference; lastKnownFileType = file; path = success.m4a; sourceTree = "<group>"; };
		226B43B42933E899009EBCE1 /* FacebookAPI.swift */ = {isa = PBXFileReference; lastKnownFileType = sourcecode.swift; path = FacebookAPI.swift; sourceTree = "<group>"; };
		226B43B62933EC06009EBCE1 /* Info.plist */ = {isa = PBXFileReference; fileEncoding = 4; lastKnownFileType = text.plist.xml; path = Info.plist; sourceTree = "<group>"; };
		229033EE293A3BB1007A86FD /* ViewModel.swift */ = {isa = PBXFileReference; lastKnownFileType = sourcecode.swift; path = ViewModel.swift; sourceTree = "<group>"; };
		22A57C5E29323C360094C361 /* GramFlwrs.app */ = {isa = PBXFileReference; explicitFileType = wrapper.application; includeInIndex = 0; path = GramFlwrs.app; sourceTree = BUILT_PRODUCTS_DIR; };
		22A57C6129323C360094C361 /* GramFlwrsApp.swift */ = {isa = PBXFileReference; lastKnownFileType = sourcecode.swift; path = GramFlwrsApp.swift; sourceTree = "<group>"; };
		22A57C6329323C360094C361 /* ContentView.swift */ = {isa = PBXFileReference; lastKnownFileType = sourcecode.swift; path = ContentView.swift; sourceTree = "<group>"; };
		22A57C6529323C370094C361 /* Assets.xcassets */ = {isa = PBXFileReference; lastKnownFileType = folder.assetcatalog; path = Assets.xcassets; sourceTree = "<group>"; };
		22A57C6829323C370094C361 /* Preview Assets.xcassets */ = {isa = PBXFileReference; lastKnownFileType = folder.assetcatalog; path = "Preview Assets.xcassets"; sourceTree = "<group>"; };
		22A57C6D29323C370094C361 /* VimPay_Instagram_Followers.xcdatamodel */ = {isa = PBXFileReference; lastKnownFileType = wrapper.xcdatamodel; path = VimPay_Instagram_Followers.xcdatamodel; sourceTree = "<group>"; };
		22A57C7329323C370094C361 /* GramFlwrsTests.xctest */ = {isa = PBXFileReference; explicitFileType = wrapper.cfbundle; includeInIndex = 0; path = GramFlwrsTests.xctest; sourceTree = BUILT_PRODUCTS_DIR; };
		22A57C7729323C370094C361 /* GramFlwrsTests.swift */ = {isa = PBXFileReference; lastKnownFileType = sourcecode.swift; path = GramFlwrsTests.swift; sourceTree = "<group>"; };
		22A57C7D29323C370094C361 /* GramFlwrsUITests.xctest */ = {isa = PBXFileReference; explicitFileType = wrapper.cfbundle; includeInIndex = 0; path = GramFlwrsUITests.xctest; sourceTree = BUILT_PRODUCTS_DIR; };
		22A57C8129323C370094C361 /* GramFlwrsUITests.swift */ = {isa = PBXFileReference; lastKnownFileType = sourcecode.swift; path = GramFlwrsUITests.swift; sourceTree = "<group>"; };
		22A57C8329323C370094C361 /* GramFlwrsUITestsLaunchTests.swift */ = {isa = PBXFileReference; lastKnownFileType = sourcecode.swift; path = GramFlwrsUITestsLaunchTests.swift; sourceTree = "<group>"; };
		22A57C9629323C6A0094C361 /* WidgetKit.framework */ = {isa = PBXFileReference; lastKnownFileType = wrapper.framework; name = WidgetKit.framework; path = System/Library/Frameworks/WidgetKit.framework; sourceTree = SDKROOT; };
		22A57C9829323C6B0094C361 /* SwiftUI.framework */ = {isa = PBXFileReference; lastKnownFileType = wrapper.framework; name = SwiftUI.framework; path = System/Library/Frameworks/SwiftUI.framework; sourceTree = SDKROOT; };
		22A57CB6293258400094C361 /* ProfileImageView.swift */ = {isa = PBXFileReference; lastKnownFileType = sourcecode.swift; path = ProfileImageView.swift; sourceTree = "<group>"; };
		22A57CBC29325B260094C361 /* ImageExtensions.swift */ = {isa = PBXFileReference; lastKnownFileType = sourcecode.swift; path = ImageExtensions.swift; sourceTree = "<group>"; };
		22B7BFC02C2C7AD5009FB0F8 /* View_extensions.swift */ = {isa = PBXFileReference; lastKnownFileType = sourcecode.swift; path = View_extensions.swift; sourceTree = "<group>"; };
		22C9E8B0293BA85300840FF3 /* TimelineEntry.swift */ = {isa = PBXFileReference; lastKnownFileType = sourcecode.swift; path = TimelineEntry.swift; sourceTree = "<group>"; };
		22C9E8B5293BB62600840FF3 /* GramFlwrsExtension.entitlements */ = {isa = PBXFileReference; lastKnownFileType = text.plist.entitlements; path = GramFlwrsExtension.entitlements; sourceTree = "<group>"; };
		22F154C5295782A600CDA3A8 /* BarChartReusable.swift */ = {isa = PBXFileReference; lastKnownFileType = sourcecode.swift; path = BarChartReusable.swift; sourceTree = "<group>"; };
		22F91A092934113F00D95B9D /* CoreDataStack.swift */ = {isa = PBXFileReference; lastKnownFileType = sourcecode.swift; path = CoreDataStack.swift; sourceTree = "<group>"; };
/* End PBXFileReference section */

/* Begin PBXFrameworksBuildPhase section */
		224F79C6293A5DB500194E67 /* Frameworks */ = {
			isa = PBXFrameworksBuildPhase;
			buildActionMask = 2147483647;
			files = (
				224F7A32293A9A4C00194E67 /* FacebookAEM in Frameworks */,
				224F7A36293A9A4C00194E67 /* FacebookCore in Frameworks */,
				224F7A38293A9A4C00194E67 /* FacebookLogin in Frameworks */,
				224F7A34293A9A4C00194E67 /* FacebookBasics in Frameworks */,
				22BB0915293CF2B70060E5C6 /* KeychainAccess in Frameworks */,
				224F79CB293A5DB500194E67 /* SwiftUI.framework in Frameworks */,
				224F79CA293A5DB500194E67 /* WidgetKit.framework in Frameworks */,
				224F7A3A293A9A4C00194E67 /* FacebookShare in Frameworks */,
			);
			runOnlyForDeploymentPostprocessing = 0;
		};
		22A57C5B29323C360094C361 /* Frameworks */ = {
			isa = PBXFrameworksBuildPhase;
			buildActionMask = 2147483647;
			files = (
				226B43AD2933E6B8009EBCE1 /* FacebookLogin in Frameworks */,
				226B43A72933E6B8009EBCE1 /* FacebookAEM in Frameworks */,
				22BB0913293CF2950060E5C6 /* KeychainAccess in Frameworks */,
				226B43AB2933E6B8009EBCE1 /* FacebookCore in Frameworks */,
				226B43AF2933E6B8009EBCE1 /* FacebookShare in Frameworks */,
				226B43A92933E6B8009EBCE1 /* FacebookBasics in Frameworks */,
			);
			runOnlyForDeploymentPostprocessing = 0;
		};
		22A57C7029323C370094C361 /* Frameworks */ = {
			isa = PBXFrameworksBuildPhase;
			buildActionMask = 2147483647;
			files = (
			);
			runOnlyForDeploymentPostprocessing = 0;
		};
		22A57C7A29323C370094C361 /* Frameworks */ = {
			isa = PBXFrameworksBuildPhase;
			buildActionMask = 2147483647;
			files = (
			);
			runOnlyForDeploymentPostprocessing = 0;
		};
/* End PBXFrameworksBuildPhase section */

/* Begin PBXGroup section */
		224F79CC293A5DB500194E67 /* GramFlwrsWidget */ = {
			isa = PBXGroup;
			children = (
				224F79CD293A5DB500194E67 /* GramFlwrsWidget.swift */,
				22C9E8B0293BA85300840FF3 /* TimelineEntry.swift */,
				224F79CF293A5DB500194E67 /* GramFlwrsWidget.intentdefinition */,
				224F79D0293A5DB600194E67 /* Assets.xcassets */,
				224F79D2293A5DB600194E67 /* Info.plist */,
				22B7BFBF2C2C7AC8009FB0F8 /* Extenisons */,
			);
			path = GramFlwrsWidget;
			sourceTree = "<group>";
		};
		226B43902933D158009EBCE1 /* Sounds */ = {
			isa = PBXGroup;
			children = (
				226B43B02933E70A009EBCE1 /* chimeup.mp3 */,
				226B43B12933E70A009EBCE1 /* success.m4a */,
			);
			path = Sounds;
			sourceTree = "<group>";
		};
		22A57C5529323C360094C361 = {
			isa = PBXGroup;
			children = (
				22C9E8B5293BB62600840FF3 /* GramFlwrsExtension.entitlements */,
				226B43B62933EC06009EBCE1 /* Info.plist */,
				22A57C6029323C360094C361 /* GramFlwrs */,
				22A57C7629323C370094C361 /* GramFlwrsTests */,
				22A57C8029323C370094C361 /* GramFlwrsUITests */,
				224F79CC293A5DB500194E67 /* GramFlwrsWidget */,
				22A57C9529323C6A0094C361 /* Frameworks */,
				22A57C5F29323C360094C361 /* Products */,
			);
			sourceTree = "<group>";
		};
		22A57C5F29323C360094C361 /* Products */ = {
			isa = PBXGroup;
			children = (
				22A57C5E29323C360094C361 /* GramFlwrs.app */,
				22A57C7329323C370094C361 /* GramFlwrsTests.xctest */,
				22A57C7D29323C370094C361 /* GramFlwrsUITests.xctest */,
				224F79C9293A5DB500194E67 /* GramFlwrsWidgetExtension.appex */,
			);
			name = Products;
			sourceTree = "<group>";
		};
		22A57C6029323C360094C361 /* GramFlwrs */ = {
			isa = PBXGroup;
			children = (
				224F7A1D293A6A8200194E67 /* GramFlwrs.entitlements */,
				22A57C6129323C360094C361 /* GramFlwrsApp.swift */,
				226B43A32933E511009EBCE1 /* AppDelegate.swift */,
				226B43902933D158009EBCE1 /* Sounds */,
				22A57CB12932566C0094C361 /* Utils */,
				22A57CAB29324B880094C361 /* Services */,
				22A57CAA29324AF60094C361 /* Screens */,
				22A57CB5293257F20094C361 /* Views */,
				22A57C6529323C370094C361 /* Assets.xcassets */,
				22A57C6729323C370094C361 /* Preview Content */,
			);
			path = GramFlwrs;
			sourceTree = "<group>";
		};
		22A57C6729323C370094C361 /* Preview Content */ = {
			isa = PBXGroup;
			children = (
				22A57C6829323C370094C361 /* Preview Assets.xcassets */,
			);
			path = "Preview Content";
			sourceTree = "<group>";
		};
		22A57C7629323C370094C361 /* GramFlwrsTests */ = {
			isa = PBXGroup;
			children = (
				22A57C7729323C370094C361 /* GramFlwrsTests.swift */,
			);
			path = GramFlwrsTests;
			sourceTree = "<group>";
		};
		22A57C8029323C370094C361 /* GramFlwrsUITests */ = {
			isa = PBXGroup;
			children = (
				22A57C8129323C370094C361 /* GramFlwrsUITests.swift */,
				22A57C8329323C370094C361 /* GramFlwrsUITestsLaunchTests.swift */,
			);
			path = GramFlwrsUITests;
			sourceTree = "<group>";
		};
		22A57C9529323C6A0094C361 /* Frameworks */ = {
			isa = PBXGroup;
			children = (
				22A57C9629323C6A0094C361 /* WidgetKit.framework */,
				22A57C9829323C6B0094C361 /* SwiftUI.framework */,
			);
			name = Frameworks;
			sourceTree = "<group>";
		};
		22A57CAA29324AF60094C361 /* Screens */ = {
			isa = PBXGroup;
			children = (
				22A57C6329323C360094C361 /* ContentView.swift */,
				226B438A2933CFFD009EBCE1 /* SigninView.swift */,
				226B438C2933D026009EBCE1 /* ProfileStatsView.swift */,
			);
			path = Screens;
			sourceTree = "<group>";
		};
		22A57CAB29324B880094C361 /* Services */ = {
			isa = PBXGroup;
			children = (
				229033EE293A3BB1007A86FD /* ViewModel.swift */,
				226B43B42933E899009EBCE1 /* FacebookAPI.swift */,
				222F98FE2937D05400984B12 /* AuthorizationAPI.swift */,
				22F91A092934113F00D95B9D /* CoreDataStack.swift */,
				22A57CB029324ED60094C361 /* Models */,
			);
			path = Services;
			sourceTree = "<group>";
		};
		22A57CB029324ED60094C361 /* Models */ = {
			isa = PBXGroup;
			children = (
				222F98FC2937A02800984B12 /* FacebookAccountsResponce.swift */,
				22A57C6C29323C370094C361 /* GramFlwrs.xcdatamodeld */,
			);
			path = Models;
			sourceTree = "<group>";
		};
		22A57CB12932566C0094C361 /* Utils */ = {
			isa = PBXGroup;
			children = (
				222F99002937EC8600984B12 /* ImageLoader.swift */,
				226B438E2933D131009EBCE1 /* AudioPlayer.swift */,
				22A57CBC29325B260094C361 /* ImageExtensions.swift */,
			);
			path = Utils;
			sourceTree = "<group>";
		};
		22A57CB5293257F20094C361 /* Views */ = {
			isa = PBXGroup;
			children = (
				226B43912933D24D009EBCE1 /* WidgetPreviewView.swift */,
				22A57CB6293258400094C361 /* ProfileImageView.swift */,
				22F154C5295782A600CDA3A8 /* BarChartReusable.swift */,
				2262A6B2295BB59900F706C8 /* PeriodPopOver.swift */,
			);
			path = Views;
			sourceTree = "<group>";
		};
		22B7BFBF2C2C7AC8009FB0F8 /* Extenisons */ = {
			isa = PBXGroup;
			children = (
				22B7BFC02C2C7AD5009FB0F8 /* View_extensions.swift */,
			);
			path = Extenisons;
			sourceTree = "<group>";
		};
/* End PBXGroup section */

/* Begin PBXNativeTarget section */
		224F79C8293A5DB500194E67 /* GramFlwrsWidgetExtension */ = {
			isa = PBXNativeTarget;
			buildConfigurationList = 224F79D8293A5DB600194E67 /* Build configuration list for PBXNativeTarget "GramFlwrsWidgetExtension" */;
			buildPhases = (
				224F79C5293A5DB500194E67 /* Sources */,
				224F79C6293A5DB500194E67 /* Frameworks */,
				224F79C7293A5DB500194E67 /* Resources */,
			);
			buildRules = (
			);
			dependencies = (
			);
			name = GramFlwrsWidgetExtension;
			packageProductDependencies = (
				224F7A31293A9A4C00194E67 /* FacebookAEM */,
				224F7A33293A9A4C00194E67 /* FacebookBasics */,
				224F7A35293A9A4C00194E67 /* FacebookCore */,
				224F7A37293A9A4C00194E67 /* FacebookLogin */,
				224F7A39293A9A4C00194E67 /* FacebookShare */,
				22BB0914293CF2B70060E5C6 /* KeychainAccess */,
			);
			productName = VimWidgetExtension;
			productReference = 224F79C9293A5DB500194E67 /* GramFlwrsWidgetExtension.appex */;
			productType = "com.apple.product-type.app-extension";
		};
		22A57C5D29323C360094C361 /* GramFlwrs */ = {
			isa = PBXNativeTarget;
			buildConfigurationList = 22A57C8729323C370094C361 /* Build configuration list for PBXNativeTarget "GramFlwrs" */;
			buildPhases = (
				22A57C5A29323C360094C361 /* Sources */,
				22A57C5B29323C360094C361 /* Frameworks */,
				22A57C5C29323C360094C361 /* Resources */,
				22A57CA929323C6C0094C361 /* Embed Foundation Extensions */,
			);
			buildRules = (
			);
			dependencies = (
				224F79D6293A5DB600194E67 /* PBXTargetDependency */,
			);
			name = GramFlwrs;
			packageProductDependencies = (
				226B43A62933E6B8009EBCE1 /* FacebookAEM */,
				226B43A82933E6B8009EBCE1 /* FacebookBasics */,
				226B43AA2933E6B8009EBCE1 /* FacebookCore */,
				226B43AC2933E6B8009EBCE1 /* FacebookLogin */,
				226B43AE2933E6B8009EBCE1 /* FacebookShare */,
				22BB0912293CF2950060E5C6 /* KeychainAccess */,
			);
			productName = "VimPay Instagram Followers";
			productReference = 22A57C5E29323C360094C361 /* GramFlwrs.app */;
			productType = "com.apple.product-type.application";
		};
		22A57C7229323C370094C361 /* GramFlwrsTests */ = {
			isa = PBXNativeTarget;
			buildConfigurationList = 22A57C8A29323C370094C361 /* Build configuration list for PBXNativeTarget "GramFlwrsTests" */;
			buildPhases = (
				22A57C6F29323C370094C361 /* Sources */,
				22A57C7029323C370094C361 /* Frameworks */,
				22A57C7129323C370094C361 /* Resources */,
			);
			buildRules = (
			);
			dependencies = (
				22A57C7529323C370094C361 /* PBXTargetDependency */,
			);
			name = GramFlwrsTests;
			productName = "VimPay Instagram FollowersTests";
			productReference = 22A57C7329323C370094C361 /* GramFlwrsTests.xctest */;
			productType = "com.apple.product-type.bundle.unit-test";
		};
		22A57C7C29323C370094C361 /* GramFlwrsUITests */ = {
			isa = PBXNativeTarget;
			buildConfigurationList = 22A57C8D29323C370094C361 /* Build configuration list for PBXNativeTarget "GramFlwrsUITests" */;
			buildPhases = (
				22A57C7929323C370094C361 /* Sources */,
				22A57C7A29323C370094C361 /* Frameworks */,
				22A57C7B29323C370094C361 /* Resources */,
			);
			buildRules = (
			);
			dependencies = (
				22A57C7F29323C370094C361 /* PBXTargetDependency */,
			);
			name = GramFlwrsUITests;
			productName = "VimPay Instagram FollowersUITests";
			productReference = 22A57C7D29323C370094C361 /* GramFlwrsUITests.xctest */;
			productType = "com.apple.product-type.bundle.ui-testing";
		};
/* End PBXNativeTarget section */

/* Begin PBXProject section */
		22A57C5629323C360094C361 /* Project object */ = {
			isa = PBXProject;
			attributes = {
				BuildIndependentTargetsInParallel = 1;
				LastSwiftUpdateCheck = 1400;
				LastUpgradeCheck = 1400;
				TargetAttributes = {
					224F79C8293A5DB500194E67 = {
						CreatedOnToolsVersion = 14.0.1;
					};
					22A57C5D29323C360094C361 = {
						CreatedOnToolsVersion = 14.0.1;
					};
					22A57C7229323C370094C361 = {
						CreatedOnToolsVersion = 14.0.1;
						TestTargetID = 22A57C5D29323C360094C361;
					};
					22A57C7C29323C370094C361 = {
						CreatedOnToolsVersion = 14.0.1;
						TestTargetID = 22A57C5D29323C360094C361;
					};
				};
			};
			buildConfigurationList = 22A57C5929323C360094C361 /* Build configuration list for PBXProject "GramFlwrs" */;
			compatibilityVersion = "Xcode 14.0";
			developmentRegion = en;
			hasScannedForEncodings = 0;
			knownRegions = (
				en,
				Base,
			);
			mainGroup = 22A57C5529323C360094C361;
			packageReferences = (
				226B43A52933E6B8009EBCE1 /* XCRemoteSwiftPackageReference "facebook-ios-sdk" */,
				22BB0911293CF2950060E5C6 /* XCRemoteSwiftPackageReference "KeychainAccess" */,
			);
			productRefGroup = 22A57C5F29323C360094C361 /* Products */;
			projectDirPath = "";
			projectRoot = "";
			targets = (
				22A57C5D29323C360094C361 /* GramFlwrs */,
				22A57C7229323C370094C361 /* GramFlwrsTests */,
				22A57C7C29323C370094C361 /* GramFlwrsUITests */,
				224F79C8293A5DB500194E67 /* GramFlwrsWidgetExtension */,
			);
		};
/* End PBXProject section */

/* Begin PBXResourcesBuildPhase section */
		224F79C7293A5DB500194E67 /* Resources */ = {
			isa = PBXResourcesBuildPhase;
			buildActionMask = 2147483647;
			files = (
				224F79DC293A5DD900194E67 /* Assets.xcassets in Resources */,
				224F79D1293A5DB600194E67 /* Assets.xcassets in Resources */,
			);
			runOnlyForDeploymentPostprocessing = 0;
		};
		22A57C5C29323C360094C361 /* Resources */ = {
			isa = PBXResourcesBuildPhase;
			buildActionMask = 2147483647;
			files = (
				226B43B32933E70A009EBCE1 /* success.m4a in Resources */,
				226B43B22933E70A009EBCE1 /* chimeup.mp3 in Resources */,
				22A57C6929323C370094C361 /* Preview Assets.xcassets in Resources */,
				22A57C6629323C370094C361 /* Assets.xcassets in Resources */,
			);
			runOnlyForDeploymentPostprocessing = 0;
		};
		22A57C7129323C370094C361 /* Resources */ = {
			isa = PBXResourcesBuildPhase;
			buildActionMask = 2147483647;
			files = (
			);
			runOnlyForDeploymentPostprocessing = 0;
		};
		22A57C7B29323C370094C361 /* Resources */ = {
			isa = PBXResourcesBuildPhase;
			buildActionMask = 2147483647;
			files = (
			);
			runOnlyForDeploymentPostprocessing = 0;
		};
/* End PBXResourcesBuildPhase section */

/* Begin PBXSourcesBuildPhase section */
		224F79C5293A5DB500194E67 /* Sources */ = {
			isa = PBXSourcesBuildPhase;
			buildActionMask = 2147483647;
			files = (
				22B7BFC22C2C7F4F009FB0F8 /* View_extensions.swift in Sources */,
				22B8DDC4294D2E47002ACA41 /* FacebookAPI.swift in Sources */,
				22B8DDC5294D2E4A002ACA41 /* FacebookAccountsResponce.swift in Sources */,
				2270DDC3293E3FAA009758C6 /* ViewModel.swift in Sources */,
				224F7A20293A6B3000194E67 /* CoreDataStack.swift in Sources */,
				224F79CE293A5DB500194E67 /* GramFlwrsWidget.swift in Sources */,
				22B8DDC3294D2E45002ACA41 /* AuthorizationAPI.swift in Sources */,
				22C9E8B2293BA85800840FF3 /* TimelineEntry.swift in Sources */,
				224F79D3293A5DB600194E67 /* GramFlwrsWidget.intentdefinition in Sources */,
				22B8DDC2294D2E34002ACA41 /* GramFlwrs.xcdatamodeld in Sources */,
			);
			runOnlyForDeploymentPostprocessing = 0;
		};
		22A57C5A29323C360094C361 /* Sources */ = {
			isa = PBXSourcesBuildPhase;
			buildActionMask = 2147483647;
			files = (
				2262A6B3295BB59900F706C8 /* PeriodPopOver.swift in Sources */,
				224F79F5293A63B800194E67 /* FacebookAPI.swift in Sources */,
				22B7BFC12C2C7AD5009FB0F8 /* View_extensions.swift in Sources */,
				22F154C6295782A600CDA3A8 /* BarChartReusable.swift in Sources */,
				22A57C6429323C360094C361 /* ContentView.swift in Sources */,
				226B438F2933D131009EBCE1 /* AudioPlayer.swift in Sources */,
				220AC5C12938EFB80018DFBA /* ImageExtensions.swift in Sources */,
				224F79F4293A63B600194E67 /* AuthorizationAPI.swift in Sources */,
				220AC5C32938EFCC0018DFBA /* FacebookAccountsResponce.swift in Sources */,
				220AC5C22938EFC80018DFBA /* ProfileImageView.swift in Sources */,
				226B438B2933CFFD009EBCE1 /* SigninView.swift in Sources */,
				224F79F3293A63B400194E67 /* ViewModel.swift in Sources */,
				224F79D4293A5DB600194E67 /* GramFlwrsWidget.intentdefinition in Sources */,
				22A57C6E29323C370094C361 /* GramFlwrs.xcdatamodeld in Sources */,
				22A57C6229323C360094C361 /* GramFlwrsApp.swift in Sources */,
				224F79F6293A63BA00194E67 /* CoreDataStack.swift in Sources */,
				222F99012937EC8600984B12 /* ImageLoader.swift in Sources */,
				226B43922933D24D009EBCE1 /* WidgetPreviewView.swift in Sources */,
				22C9E8B1293BA85300840FF3 /* TimelineEntry.swift in Sources */,
				226B438D2933D026009EBCE1 /* ProfileStatsView.swift in Sources */,
				226B43A42933E511009EBCE1 /* AppDelegate.swift in Sources */,
			);
			runOnlyForDeploymentPostprocessing = 0;
		};
		22A57C6F29323C370094C361 /* Sources */ = {
			isa = PBXSourcesBuildPhase;
			buildActionMask = 2147483647;
			files = (
				22A57C7829323C370094C361 /* GramFlwrsTests.swift in Sources */,
			);
			runOnlyForDeploymentPostprocessing = 0;
		};
		22A57C7929323C370094C361 /* Sources */ = {
			isa = PBXSourcesBuildPhase;
			buildActionMask = 2147483647;
			files = (
				22A57C8229323C370094C361 /* GramFlwrsUITests.swift in Sources */,
				22A57C8429323C370094C361 /* GramFlwrsUITestsLaunchTests.swift in Sources */,
			);
			runOnlyForDeploymentPostprocessing = 0;
		};
/* End PBXSourcesBuildPhase section */

/* Begin PBXTargetDependency section */
		224F79D6293A5DB600194E67 /* PBXTargetDependency */ = {
			isa = PBXTargetDependency;
			target = 224F79C8293A5DB500194E67 /* GramFlwrsWidgetExtension */;
			targetProxy = 224F79D5293A5DB600194E67 /* PBXContainerItemProxy */;
		};
		22A57C7529323C370094C361 /* PBXTargetDependency */ = {
			isa = PBXTargetDependency;
			target = 22A57C5D29323C360094C361 /* GramFlwrs */;
			targetProxy = 22A57C7429323C370094C361 /* PBXContainerItemProxy */;
		};
		22A57C7F29323C370094C361 /* PBXTargetDependency */ = {
			isa = PBXTargetDependency;
			target = 22A57C5D29323C360094C361 /* GramFlwrs */;
			targetProxy = 22A57C7E29323C370094C361 /* PBXContainerItemProxy */;
		};
/* End PBXTargetDependency section */

/* Begin XCBuildConfiguration section */
		224F79D9293A5DB600194E67 /* Debug */ = {
			isa = XCBuildConfiguration;
			buildSettings = {
				ASSETCATALOG_COMPILER_GLOBAL_ACCENT_COLOR_NAME = AccentColor;
				ASSETCATALOG_COMPILER_WIDGET_BACKGROUND_COLOR_NAME = WidgetBackground;
				CODE_SIGN_ENTITLEMENTS = GramFlwrsExtension.entitlements;
				CODE_SIGN_STYLE = Automatic;
				CURRENT_PROJECT_VERSION = 1;
				DEVELOPMENT_TEAM = 9ARMKSND23;
				GENERATE_INFOPLIST_FILE = YES;
				INFOPLIST_FILE = GramFlwrsWidget/Info.plist;
				INFOPLIST_KEY_CFBundleDisplayName = GramFlwrsWidget;
				INFOPLIST_KEY_NSHumanReadableCopyright = "";
				IPHONEOS_DEPLOYMENT_TARGET = 16.0;
				LD_RUNPATH_SEARCH_PATHS = (
					"$(inherited)",
					"@executable_path/Frameworks",
					"@executable_path/../../Frameworks",
				);
				MARKETING_VERSION = 1.0;
				OTHER_LDFLAGS = "-lc++";
				PRODUCT_BUNDLE_IDENTIFIER = com.aisultan.GramFlwrs.VimWidget;
				PRODUCT_NAME = "$(TARGET_NAME)";
				SKIP_INSTALL = YES;
				SWIFT_EMIT_LOC_STRINGS = YES;
				SWIFT_VERSION = 5.0;
				TARGETED_DEVICE_FAMILY = 1;
			};
			name = Debug;
		};
		224F79DA293A5DB600194E67 /* Release */ = {
			isa = XCBuildConfiguration;
			buildSettings = {
				ASSETCATALOG_COMPILER_GLOBAL_ACCENT_COLOR_NAME = AccentColor;
				ASSETCATALOG_COMPILER_WIDGET_BACKGROUND_COLOR_NAME = WidgetBackground;
				CODE_SIGN_ENTITLEMENTS = GramFlwrsExtension.entitlements;
				CODE_SIGN_STYLE = Automatic;
				CURRENT_PROJECT_VERSION = 1;
				DEVELOPMENT_TEAM = 9ARMKSND23;
				GENERATE_INFOPLIST_FILE = YES;
				INFOPLIST_FILE = GramFlwrsWidget/Info.plist;
				INFOPLIST_KEY_CFBundleDisplayName = GramFlwrsWidget;
				INFOPLIST_KEY_NSHumanReadableCopyright = "";
				IPHONEOS_DEPLOYMENT_TARGET = 16.0;
				LD_RUNPATH_SEARCH_PATHS = (
					"$(inherited)",
					"@executable_path/Frameworks",
					"@executable_path/../../Frameworks",
				);
				MARKETING_VERSION = 1.0;
				OTHER_LDFLAGS = "-lc++";
				PRODUCT_BUNDLE_IDENTIFIER = com.aisultan.GramFlwrs.VimWidget;
				PRODUCT_NAME = "$(TARGET_NAME)";
				SKIP_INSTALL = YES;
				SWIFT_EMIT_LOC_STRINGS = YES;
				SWIFT_VERSION = 5.0;
				TARGETED_DEVICE_FAMILY = 1;
			};
			name = Release;
		};
		22A57C8529323C370094C361 /* Debug */ = {
			isa = XCBuildConfiguration;
			buildSettings = {
				ALWAYS_SEARCH_USER_PATHS = NO;
				CLANG_ANALYZER_NONNULL = YES;
				CLANG_ANALYZER_NUMBER_OBJECT_CONVERSION = YES_AGGRESSIVE;
				CLANG_CXX_LANGUAGE_STANDARD = "gnu++20";
				CLANG_ENABLE_MODULES = YES;
				CLANG_ENABLE_OBJC_ARC = YES;
				CLANG_ENABLE_OBJC_WEAK = YES;
				CLANG_USE_OPTIMIZATION_PROFILE = NO;
				CLANG_WARN_BLOCK_CAPTURE_AUTORELEASING = YES;
				CLANG_WARN_BOOL_CONVERSION = YES;
				CLANG_WARN_COMMA = YES;
				CLANG_WARN_CONSTANT_CONVERSION = YES;
				CLANG_WARN_DEPRECATED_OBJC_IMPLEMENTATIONS = YES;
				CLANG_WARN_DIRECT_OBJC_ISA_USAGE = YES_ERROR;
				CLANG_WARN_DOCUMENTATION_COMMENTS = YES;
				CLANG_WARN_EMPTY_BODY = YES;
				CLANG_WARN_ENUM_CONVERSION = YES;
				CLANG_WARN_INFINITE_RECURSION = YES;
				CLANG_WARN_INT_CONVERSION = YES;
				CLANG_WARN_NON_LITERAL_NULL_CONVERSION = YES;
				CLANG_WARN_OBJC_IMPLICIT_RETAIN_SELF = YES;
				CLANG_WARN_OBJC_LITERAL_CONVERSION = YES;
				CLANG_WARN_OBJC_ROOT_CLASS = YES_ERROR;
				CLANG_WARN_QUOTED_INCLUDE_IN_FRAMEWORK_HEADER = YES;
				CLANG_WARN_RANGE_LOOP_ANALYSIS = YES;
				CLANG_WARN_STRICT_PROTOTYPES = YES;
				CLANG_WARN_SUSPICIOUS_MOVE = YES;
				CLANG_WARN_UNGUARDED_AVAILABILITY = YES_AGGRESSIVE;
				CLANG_WARN_UNREACHABLE_CODE = YES;
				CLANG_WARN__DUPLICATE_METHOD_MATCH = YES;
				COPY_PHASE_STRIP = NO;
				DEBUG_INFORMATION_FORMAT = dwarf;
				ENABLE_STRICT_OBJC_MSGSEND = YES;
				ENABLE_TESTABILITY = YES;
				GCC_C_LANGUAGE_STANDARD = gnu11;
				GCC_DYNAMIC_NO_PIC = NO;
				GCC_NO_COMMON_BLOCKS = YES;
				GCC_OPTIMIZATION_LEVEL = 0;
				GCC_PREPROCESSOR_DEFINITIONS = (
					"DEBUG=1",
					"$(inherited)",
				);
				GCC_WARN_64_TO_32_BIT_CONVERSION = YES;
				GCC_WARN_ABOUT_RETURN_TYPE = YES_ERROR;
				GCC_WARN_UNDECLARED_SELECTOR = YES;
				GCC_WARN_UNINITIALIZED_AUTOS = YES_AGGRESSIVE;
				GCC_WARN_UNUSED_FUNCTION = YES;
				GCC_WARN_UNUSED_VARIABLE = YES;
				IPHONEOS_DEPLOYMENT_TARGET = 15.0;
				MTL_ENABLE_DEBUG_INFO = INCLUDE_SOURCE;
				MTL_FAST_MATH = YES;
				ONLY_ACTIVE_ARCH = YES;
				SDKROOT = iphoneos;
				SWIFT_ACTIVE_COMPILATION_CONDITIONS = DEBUG;
				SWIFT_OPTIMIZATION_LEVEL = "-Onone";
			};
			name = Debug;
		};
		22A57C8629323C370094C361 /* Release */ = {
			isa = XCBuildConfiguration;
			buildSettings = {
				ALWAYS_SEARCH_USER_PATHS = NO;
				CLANG_ANALYZER_NONNULL = YES;
				CLANG_ANALYZER_NUMBER_OBJECT_CONVERSION = YES_AGGRESSIVE;
				CLANG_CXX_LANGUAGE_STANDARD = "gnu++20";
				CLANG_ENABLE_MODULES = YES;
				CLANG_ENABLE_OBJC_ARC = YES;
				CLANG_ENABLE_OBJC_WEAK = YES;
				CLANG_USE_OPTIMIZATION_PROFILE = NO;
				CLANG_WARN_BLOCK_CAPTURE_AUTORELEASING = YES;
				CLANG_WARN_BOOL_CONVERSION = YES;
				CLANG_WARN_COMMA = YES;
				CLANG_WARN_CONSTANT_CONVERSION = YES;
				CLANG_WARN_DEPRECATED_OBJC_IMPLEMENTATIONS = YES;
				CLANG_WARN_DIRECT_OBJC_ISA_USAGE = YES_ERROR;
				CLANG_WARN_DOCUMENTATION_COMMENTS = YES;
				CLANG_WARN_EMPTY_BODY = YES;
				CLANG_WARN_ENUM_CONVERSION = YES;
				CLANG_WARN_INFINITE_RECURSION = YES;
				CLANG_WARN_INT_CONVERSION = YES;
				CLANG_WARN_NON_LITERAL_NULL_CONVERSION = YES;
				CLANG_WARN_OBJC_IMPLICIT_RETAIN_SELF = YES;
				CLANG_WARN_OBJC_LITERAL_CONVERSION = YES;
				CLANG_WARN_OBJC_ROOT_CLASS = YES_ERROR;
				CLANG_WARN_QUOTED_INCLUDE_IN_FRAMEWORK_HEADER = YES;
				CLANG_WARN_RANGE_LOOP_ANALYSIS = YES;
				CLANG_WARN_STRICT_PROTOTYPES = YES;
				CLANG_WARN_SUSPICIOUS_MOVE = YES;
				CLANG_WARN_UNGUARDED_AVAILABILITY = YES_AGGRESSIVE;
				CLANG_WARN_UNREACHABLE_CODE = YES;
				CLANG_WARN__DUPLICATE_METHOD_MATCH = YES;
				COPY_PHASE_STRIP = NO;
				DEBUG_INFORMATION_FORMAT = "dwarf-with-dsym";
				ENABLE_NS_ASSERTIONS = NO;
				ENABLE_STRICT_OBJC_MSGSEND = YES;
				GCC_C_LANGUAGE_STANDARD = gnu11;
				GCC_NO_COMMON_BLOCKS = YES;
				GCC_WARN_64_TO_32_BIT_CONVERSION = YES;
				GCC_WARN_ABOUT_RETURN_TYPE = YES_ERROR;
				GCC_WARN_UNDECLARED_SELECTOR = YES;
				GCC_WARN_UNINITIALIZED_AUTOS = YES_AGGRESSIVE;
				GCC_WARN_UNUSED_FUNCTION = YES;
				GCC_WARN_UNUSED_VARIABLE = YES;
				IPHONEOS_DEPLOYMENT_TARGET = 15.0;
				MTL_ENABLE_DEBUG_INFO = NO;
				MTL_FAST_MATH = YES;
				SDKROOT = iphoneos;
				SWIFT_COMPILATION_MODE = wholemodule;
				SWIFT_OPTIMIZATION_LEVEL = "-O";
				VALIDATE_PRODUCT = YES;
			};
			name = Release;
		};
		22A57C8829323C370094C361 /* Debug */ = {
			isa = XCBuildConfiguration;
			buildSettings = {
				ALWAYS_EMBED_SWIFT_STANDARD_LIBRARIES = YES;
				ASSETCATALOG_COMPILER_APPICON_NAME = AppIcon;
				ASSETCATALOG_COMPILER_GLOBAL_ACCENT_COLOR_NAME = AccentColor;
				CLANG_USE_OPTIMIZATION_PROFILE = NO;
				CODE_SIGN_ENTITLEMENTS = GramFlwrs/GramFlwrs.entitlements;
				CODE_SIGN_STYLE = Automatic;
				CURRENT_PROJECT_VERSION = 1;
				DEVELOPMENT_ASSET_PATHS = "\"GramFlwrs/Preview Content\"";
				DEVELOPMENT_TEAM = 9ARMKSND23;
				ENABLE_PREVIEWS = YES;
				GENERATE_INFOPLIST_FILE = YES;
				HEADER_SEARCH_PATHS = "$(SRCROOT)/Pods";
				INFOPLIST_FILE = Info.plist;
				INFOPLIST_KEY_CFBundleDisplayName = GramFlwrs;
				INFOPLIST_KEY_UIApplicationSceneManifest_Generation = YES;
				INFOPLIST_KEY_UIApplicationSupportsIndirectInputEvents = YES;
				INFOPLIST_KEY_UILaunchScreen_Generation = YES;
				INFOPLIST_KEY_UISupportedInterfaceOrientations = UIInterfaceOrientationPortrait;
				IPHONEOS_DEPLOYMENT_TARGET = 16.0;
				LD_RUNPATH_SEARCH_PATHS = (
					"$(inherited)",
					"@executable_path/Frameworks",
				);
				MARKETING_VERSION = 1.0;
				PRODUCT_BUNDLE_IDENTIFIER = com.aisultan.GramFlwrs;
				PRODUCT_NAME = "$(TARGET_NAME)";
				SUPPORTED_PLATFORMS = "iphoneos iphonesimulator";
				SUPPORTS_MACCATALYST = NO;
				SUPPORTS_MAC_DESIGNED_FOR_IPHONE_IPAD = NO;
				SWIFT_EMIT_LOC_STRINGS = YES;
				SWIFT_VERSION = 5.0;
				TARGETED_DEVICE_FAMILY = 1;
			};
			name = Debug;
		};
		22A57C8929323C370094C361 /* Release */ = {
			isa = XCBuildConfiguration;
			buildSettings = {
				ALWAYS_EMBED_SWIFT_STANDARD_LIBRARIES = YES;
				ASSETCATALOG_COMPILER_APPICON_NAME = AppIcon;
				ASSETCATALOG_COMPILER_GLOBAL_ACCENT_COLOR_NAME = AccentColor;
				CLANG_USE_OPTIMIZATION_PROFILE = NO;
				CODE_SIGN_ENTITLEMENTS = GramFlwrs/GramFlwrs.entitlements;
				CODE_SIGN_STYLE = Automatic;
				CURRENT_PROJECT_VERSION = 1;
				DEVELOPMENT_ASSET_PATHS = "\"GramFlwrs/Preview Content\"";
				DEVELOPMENT_TEAM = 9ARMKSND23;
				ENABLE_PREVIEWS = YES;
				GENERATE_INFOPLIST_FILE = YES;
				HEADER_SEARCH_PATHS = "$(SRCROOT)/Pods";
				INFOPLIST_FILE = Info.plist;
				INFOPLIST_KEY_CFBundleDisplayName = GramFlwrs;
				INFOPLIST_KEY_UIApplicationSceneManifest_Generation = YES;
				INFOPLIST_KEY_UIApplicationSupportsIndirectInputEvents = YES;
				INFOPLIST_KEY_UILaunchScreen_Generation = YES;
				INFOPLIST_KEY_UISupportedInterfaceOrientations = UIInterfaceOrientationPortrait;
				IPHONEOS_DEPLOYMENT_TARGET = 16.0;
				LD_RUNPATH_SEARCH_PATHS = (
					"$(inherited)",
					"@executable_path/Frameworks",
				);
				MARKETING_VERSION = 1.0;
				PRODUCT_BUNDLE_IDENTIFIER = com.aisultan.GramFlwrs;
				PRODUCT_NAME = "$(TARGET_NAME)";
				SUPPORTED_PLATFORMS = "iphoneos iphonesimulator";
				SUPPORTS_MACCATALYST = NO;
				SUPPORTS_MAC_DESIGNED_FOR_IPHONE_IPAD = NO;
				SWIFT_EMIT_LOC_STRINGS = YES;
				SWIFT_VERSION = 5.0;
				TARGETED_DEVICE_FAMILY = 1;
			};
			name = Release;
		};
		22A57C8B29323C370094C361 /* Debug */ = {
			isa = XCBuildConfiguration;
			buildSettings = {
				ALWAYS_EMBED_SWIFT_STANDARD_LIBRARIES = YES;
				BUNDLE_LOADER = "$(TEST_HOST)";
				CODE_SIGN_STYLE = Automatic;
				CURRENT_PROJECT_VERSION = 1;
				DEVELOPMENT_TEAM = 9ARMKSND23;
				GENERATE_INFOPLIST_FILE = YES;
				IPHONEOS_DEPLOYMENT_TARGET = 16.0;
				MARKETING_VERSION = 1.0;
				PRODUCT_BUNDLE_IDENTIFIER = "com.aisultan.VimPay-Instagram-FollowersTests";
				PRODUCT_NAME = "$(TARGET_NAME)";
				SUPPORTED_PLATFORMS = "iphoneos iphonesimulator";
				SUPPORTS_MACCATALYST = NO;
				SUPPORTS_MAC_DESIGNED_FOR_IPHONE_IPAD = NO;
				SWIFT_EMIT_LOC_STRINGS = NO;
				SWIFT_VERSION = 5.0;
				TARGETED_DEVICE_FAMILY = 1;
				TEST_HOST = "$(BUILT_PRODUCTS_DIR)/VimPay Instagram Followers.app/$(BUNDLE_EXECUTABLE_FOLDER_PATH)/VimPay Instagram Followers";
			};
			name = Debug;
		};
		22A57C8C29323C370094C361 /* Release */ = {
			isa = XCBuildConfiguration;
			buildSettings = {
				ALWAYS_EMBED_SWIFT_STANDARD_LIBRARIES = YES;
				BUNDLE_LOADER = "$(TEST_HOST)";
				CODE_SIGN_STYLE = Automatic;
				CURRENT_PROJECT_VERSION = 1;
				DEVELOPMENT_TEAM = 9ARMKSND23;
				GENERATE_INFOPLIST_FILE = YES;
				IPHONEOS_DEPLOYMENT_TARGET = 16.0;
				MARKETING_VERSION = 1.0;
				PRODUCT_BUNDLE_IDENTIFIER = "com.aisultan.VimPay-Instagram-FollowersTests";
				PRODUCT_NAME = "$(TARGET_NAME)";
				SUPPORTED_PLATFORMS = "iphoneos iphonesimulator";
				SUPPORTS_MACCATALYST = NO;
				SUPPORTS_MAC_DESIGNED_FOR_IPHONE_IPAD = NO;
				SWIFT_EMIT_LOC_STRINGS = NO;
				SWIFT_VERSION = 5.0;
				TARGETED_DEVICE_FAMILY = 1;
				TEST_HOST = "$(BUILT_PRODUCTS_DIR)/VimPay Instagram Followers.app/$(BUNDLE_EXECUTABLE_FOLDER_PATH)/VimPay Instagram Followers";
			};
			name = Release;
		};
		22A57C8E29323C370094C361 /* Debug */ = {
			isa = XCBuildConfiguration;
			buildSettings = {
				ALWAYS_EMBED_SWIFT_STANDARD_LIBRARIES = YES;
				CODE_SIGN_STYLE = Automatic;
				CURRENT_PROJECT_VERSION = 1;
				DEVELOPMENT_TEAM = 9ARMKSND23;
				GENERATE_INFOPLIST_FILE = YES;
				IPHONEOS_DEPLOYMENT_TARGET = 16.0;
				MARKETING_VERSION = 1.0;
				PRODUCT_BUNDLE_IDENTIFIER = "com.aisultan.VimPay-Instagram-FollowersUITests";
				PRODUCT_NAME = "$(TARGET_NAME)";
				SUPPORTED_PLATFORMS = "iphoneos iphonesimulator";
				SUPPORTS_MACCATALYST = NO;
				SUPPORTS_MAC_DESIGNED_FOR_IPHONE_IPAD = NO;
				SWIFT_EMIT_LOC_STRINGS = NO;
				SWIFT_VERSION = 5.0;
				TARGETED_DEVICE_FAMILY = 1;
				TEST_TARGET_NAME = "VimPay Instagram Followers";
			};
			name = Debug;
		};
		22A57C8F29323C370094C361 /* Release */ = {
			isa = XCBuildConfiguration;
			buildSettings = {
				ALWAYS_EMBED_SWIFT_STANDARD_LIBRARIES = YES;
				CODE_SIGN_STYLE = Automatic;
				CURRENT_PROJECT_VERSION = 1;
				DEVELOPMENT_TEAM = 9ARMKSND23;
				GENERATE_INFOPLIST_FILE = YES;
				IPHONEOS_DEPLOYMENT_TARGET = 16.0;
				MARKETING_VERSION = 1.0;
				PRODUCT_BUNDLE_IDENTIFIER = "com.aisultan.VimPay-Instagram-FollowersUITests";
				PRODUCT_NAME = "$(TARGET_NAME)";
				SUPPORTED_PLATFORMS = "iphoneos iphonesimulator";
				SUPPORTS_MACCATALYST = NO;
				SUPPORTS_MAC_DESIGNED_FOR_IPHONE_IPAD = NO;
				SWIFT_EMIT_LOC_STRINGS = NO;
				SWIFT_VERSION = 5.0;
				TARGETED_DEVICE_FAMILY = 1;
				TEST_TARGET_NAME = "VimPay Instagram Followers";
			};
			name = Release;
		};
/* End XCBuildConfiguration section */

/* Begin XCConfigurationList section */
		224F79D8293A5DB600194E67 /* Build configuration list for PBXNativeTarget "GramFlwrsWidgetExtension" */ = {
			isa = XCConfigurationList;
			buildConfigurations = (
				224F79D9293A5DB600194E67 /* Debug */,
				224F79DA293A5DB600194E67 /* Release */,
			);
			defaultConfigurationIsVisible = 0;
			defaultConfigurationName = Release;
		};
		22A57C5929323C360094C361 /* Build configuration list for PBXProject "GramFlwrs" */ = {
			isa = XCConfigurationList;
			buildConfigurations = (
				22A57C8529323C370094C361 /* Debug */,
				22A57C8629323C370094C361 /* Release */,
			);
			defaultConfigurationIsVisible = 0;
			defaultConfigurationName = Release;
		};
		22A57C8729323C370094C361 /* Build configuration list for PBXNativeTarget "GramFlwrs" */ = {
			isa = XCConfigurationList;
			buildConfigurations = (
				22A57C8829323C370094C361 /* Debug */,
				22A57C8929323C370094C361 /* Release */,
			);
			defaultConfigurationIsVisible = 0;
			defaultConfigurationName = Release;
		};
		22A57C8A29323C370094C361 /* Build configuration list for PBXNativeTarget "GramFlwrsTests" */ = {
			isa = XCConfigurationList;
			buildConfigurations = (
				22A57C8B29323C370094C361 /* Debug */,
				22A57C8C29323C370094C361 /* Release */,
			);
			defaultConfigurationIsVisible = 0;
			defaultConfigurationName = Release;
		};
		22A57C8D29323C370094C361 /* Build configuration list for PBXNativeTarget "GramFlwrsUITests" */ = {
			isa = XCConfigurationList;
			buildConfigurations = (
				22A57C8E29323C370094C361 /* Debug */,
				22A57C8F29323C370094C361 /* Release */,
			);
			defaultConfigurationIsVisible = 0;
			defaultConfigurationName = Release;
		};
/* End XCConfigurationList section */

/* Begin XCRemoteSwiftPackageReference section */
		226B43A52933E6B8009EBCE1 /* XCRemoteSwiftPackageReference "facebook-ios-sdk" */ = {
			isa = XCRemoteSwiftPackageReference;
			repositoryURL = "https://github.com/facebook/facebook-ios-sdk";
			requirement = {
				kind = exactVersion;
				version = 15.1.0;
			};
		};
		22BB0911293CF2950060E5C6 /* XCRemoteSwiftPackageReference "KeychainAccess" */ = {
			isa = XCRemoteSwiftPackageReference;
			repositoryURL = "https://github.com/kishikawakatsumi/KeychainAccess";
			requirement = {
				branch = master;
				kind = branch;
			};
		};
/* End XCRemoteSwiftPackageReference section */

/* Begin XCSwiftPackageProductDependency section */
		224F7A31293A9A4C00194E67 /* FacebookAEM */ = {
			isa = XCSwiftPackageProductDependency;
			package = 226B43A52933E6B8009EBCE1 /* XCRemoteSwiftPackageReference "facebook-ios-sdk" */;
			productName = FacebookAEM;
		};
		224F7A33293A9A4C00194E67 /* FacebookBasics */ = {
			isa = XCSwiftPackageProductDependency;
			package = 226B43A52933E6B8009EBCE1 /* XCRemoteSwiftPackageReference "facebook-ios-sdk" */;
			productName = FacebookBasics;
		};
		224F7A35293A9A4C00194E67 /* FacebookCore */ = {
			isa = XCSwiftPackageProductDependency;
			package = 226B43A52933E6B8009EBCE1 /* XCRemoteSwiftPackageReference "facebook-ios-sdk" */;
			productName = FacebookCore;
		};
		224F7A37293A9A4C00194E67 /* FacebookLogin */ = {
			isa = XCSwiftPackageProductDependency;
			package = 226B43A52933E6B8009EBCE1 /* XCRemoteSwiftPackageReference "facebook-ios-sdk" */;
			productName = FacebookLogin;
		};
		224F7A39293A9A4C00194E67 /* FacebookShare */ = {
			isa = XCSwiftPackageProductDependency;
			package = 226B43A52933E6B8009EBCE1 /* XCRemoteSwiftPackageReference "facebook-ios-sdk" */;
			productName = FacebookShare;
		};
		226B43A62933E6B8009EBCE1 /* FacebookAEM */ = {
			isa = XCSwiftPackageProductDependency;
			package = 226B43A52933E6B8009EBCE1 /* XCRemoteSwiftPackageReference "facebook-ios-sdk" */;
			productName = FacebookAEM;
		};
		226B43A82933E6B8009EBCE1 /* FacebookBasics */ = {
			isa = XCSwiftPackageProductDependency;
			package = 226B43A52933E6B8009EBCE1 /* XCRemoteSwiftPackageReference "facebook-ios-sdk" */;
			productName = FacebookBasics;
		};
		226B43AA2933E6B8009EBCE1 /* FacebookCore */ = {
			isa = XCSwiftPackageProductDependency;
			package = 226B43A52933E6B8009EBCE1 /* XCRemoteSwiftPackageReference "facebook-ios-sdk" */;
			productName = FacebookCore;
		};
		226B43AC2933E6B8009EBCE1 /* FacebookLogin */ = {
			isa = XCSwiftPackageProductDependency;
			package = 226B43A52933E6B8009EBCE1 /* XCRemoteSwiftPackageReference "facebook-ios-sdk" */;
			productName = FacebookLogin;
		};
		226B43AE2933E6B8009EBCE1 /* FacebookShare */ = {
			isa = XCSwiftPackageProductDependency;
			package = 226B43A52933E6B8009EBCE1 /* XCRemoteSwiftPackageReference "facebook-ios-sdk" */;
			productName = FacebookShare;
		};
		22BB0912293CF2950060E5C6 /* KeychainAccess */ = {
			isa = XCSwiftPackageProductDependency;
			package = 22BB0911293CF2950060E5C6 /* XCRemoteSwiftPackageReference "KeychainAccess" */;
			productName = KeychainAccess;
		};
		22BB0914293CF2B70060E5C6 /* KeychainAccess */ = {
			isa = XCSwiftPackageProductDependency;
			package = 22BB0911293CF2950060E5C6 /* XCRemoteSwiftPackageReference "KeychainAccess" */;
			productName = KeychainAccess;
		};
/* End XCSwiftPackageProductDependency section */

/* Begin XCVersionGroup section */
		22A57C6C29323C370094C361 /* GramFlwrs.xcdatamodeld */ = {
			isa = XCVersionGroup;
			children = (
				22A57C6D29323C370094C361 /* VimPay_Instagram_Followers.xcdatamodel */,
			);
			currentVersion = 22A57C6D29323C370094C361 /* VimPay_Instagram_Followers.xcdatamodel */;
			path = GramFlwrs.xcdatamodeld;
			sourceTree = "<group>";
			versionGroupType = wrapper.xcdatamodel;
		};
/* End XCVersionGroup section */
	};
	rootObject = 22A57C5629323C360094C361 /* Project object */;
}
